<?xml version="1.0" encoding="UTF-8"?>
<CONFIG>
  <ProjectOptions>
    <Version Value="9"/>
    <PathDelim Value="\"/>
    <General>
      <SessionStorage Value="InProjectDir"/>
      <MainUnit Value="0"/>
      <Title Value="LikaLokaServer"/>
      <ResourceType Value="res"/>
      <UseXPManifest Value="True"/>
      <Icon Value="0"/>
    </General>
    <i18n>
      <EnableI18N LFM="False"/>
    </i18n>
    <VersionInfo>
      <StringTable ProductVersion=""/>
    </VersionInfo>
    <BuildModes Count="2">
      <Item1 Name="Debug" Default="True"/>
      <Item2 Name="Release">
        <CompilerOptions>
          <Version Value="11"/>
          <PathDelim Value="\"/>
          <Target>
            <Filename Value="LikaLokaServer"/>
          </Target>
          <SearchPaths>
            <IncludeFiles Value="$(ProjOutDir)"/>
            <OtherUnitFiles Value="Base;Rn\Cadastro;InterfaceGUI\Cadastro;Rn\Ambiente;Rn\Utils"/>
            <UnitOutputDirectory Value="lib\$(TargetCPU)-$(TargetOS)"/>
          </SearchPaths>
          <Linking>
            <Options>
              <Win32>
                <GraphicApplication Value="True"/>
              </Win32>
            </Options>
          </Linking>
        </CompilerOptions>
      </Item2>
    </BuildModes>
    <PublishOptions>
      <Version Value="2"/>
    </PublishOptions>
    <RunParams>
      <local>
        <FormatVersion Value="1"/>
      </local>
    </RunParams>
    <RequiredPackages Count="4">
      <Item1>
        <PackageName Value="lazreport"/>
      </Item1>
      <Item2>
        <PackageName Value="FCL"/>
      </Item2>
      <Item3>
        <PackageName Value="RunTimeTypeInfoControls"/>
      </Item3>
      <Item4>
        <PackageName Value="LCL"/>
      </Item4>
    </RequiredPackages>
    <Units Count="41">
      <Unit0>
        <Filename Value="LikaLokaServer.lpr"/>
        <IsPartOfProject Value="True"/>
      </Unit0>
      <Unit1>
        <Filename Value="ifmain.pas"/>
        <IsPartOfProject Value="True"/>
        <ComponentName Value="FMain"/>
        <HasResources Value="True"/>
        <ResourceBaseClass Value="Form"/>
        <UnitName Value="ifMain"/>
      </Unit1>
      <Unit2>
        <Filename Value="Base\utbasedados.pas"/>
        <IsPartOfProject Value="True"/>
        <UnitName Value="uTBaseDados"/>
      </Unit2>
      <Unit3>
        <Filename Value="Rn\Cadastro\utcad_cadastro.pas"/>
        <IsPartOfProject Value="True"/>
        <UnitName Value="uTCad_Cadastro"/>
      </Unit3>
      <Unit4>
        <Filename Value="Rn\Cadastro\utcad_cadastroendereco.pas"/>
        <IsPartOfProject Value="True"/>
        <UnitName Value="utcad_cadastroEndereco"/>
      </Unit4>
      <Unit5>
        <Filename Value="InterfaceGUI\Cadastro\ifcad_cadastro.pas"/>
        <IsPartOfProject Value="True"/>
        <ComponentName Value="FCad_Cadastro"/>
        <HasResources Value="True"/>
        <ResourceBaseClass Value="Form"/>
        <UnitName Value="ifCad_Cadastro"/>
      </Unit5>
      <Unit6>
        <Filename Value="Rn\Cadastro\utcns_cadastro.pas"/>
        <IsPartOfProject Value="True"/>
        <UnitName Value="utCns_cadastro"/>
      </Unit6>
      <Unit7>
        <Filename Value="iflogin.pas"/>
        <IsPartOfProject Value="True"/>
        <ComponentName Value="fLogin"/>
        <HasResources Value="True"/>
        <ResourceBaseClass Value="Form"/>
        <UnitName Value="ifLogin"/>
      </Unit7>
      <Unit8>
        <Filename Value="Rn\Ambiente\utmap_ambiente.pas"/>
        <IsPartOfProject Value="True"/>
        <UnitName Value="utMap_Ambiente"/>
      </Unit8>
      <Unit9>
        <Filename Value="Base\ut_constante.pas"/>
        <IsPartOfProject Value="True"/>
        <UnitName Value="uT_Constante"/>
      </Unit9>
      <Unit10>
        <Filename Value="Rn\Cadastro\utcad_unidade.pas"/>
        <IsPartOfProject Value="True"/>
        <UnitName Value="uTCad_Unidade"/>
      </Unit10>
      <Unit11>
        <Filename Value="Rn\Cadastro\utcns_unidade.pas"/>
        <IsPartOfProject Value="True"/>
        <UnitName Value="uTCNS_Unidade"/>
      </Unit11>
      <Unit12>
        <Filename Value="Rn\Utils\bpf_geral.pas"/>
        <IsPartOfProject Value="True"/>
        <UnitName Value="bPF_Geral"/>
      </Unit12>
      <Unit13>
        <Filename Value="Rn\Utils\bpf_validacao.pas"/>
        <IsPartOfProject Value="True"/>
        <UnitName Value="bPF_Validacao"/>
      </Unit13>
      <Unit14>
        <Filename Value="InterfaceGUI\Cadastro\ifcad_usuario.pas"/>
        <IsPartOfProject Value="True"/>
        <ComponentName Value="FCad_Usuario"/>
        <HasResources Value="True"/>
        <ResourceBaseClass Value="Form"/>
      </Unit14>
      <Unit15>
        <Filename Value="InterfaceGUI\Cadastro\ifcad_marca.pas"/>
        <IsPartOfProject Value="True"/>
        <ComponentName Value="FCad_Marca"/>
        <HasResources Value="True"/>
        <ResourceBaseClass Value="Form"/>
      </Unit15>
      <Unit16>
        <Filename Value="InterfaceGUI\Cadastro\ifcad_tabelapreco.pas"/>
        <IsPartOfProject Value="True"/>
        <ComponentName Value="FCad_TabelaPreco"/>
        <HasResources Value="True"/>
        <ResourceBaseClass Value="Form"/>
        <UnitName Value="ifcad_tabelaPreco"/>
      </Unit16>
      <Unit17>
        <Filename Value="InterfaceGUI\Cadastro\ifcad_tamanho.pas"/>
        <IsPartOfProject Value="True"/>
        <ComponentName Value="FCad_Tamanho"/>
        <HasResources Value="True"/>
        <ResourceBaseClass Value="Form"/>
      </Unit17>
      <Unit18>
        <Filename Value="InterfaceGUI\Cadastro\ifcad_unidade.pas"/>
        <IsPartOfProject Value="True"/>
        <ComponentName Value="FCad_Unidade"/>
        <HasResources Value="True"/>
        <ResourceBaseClass Value="Form"/>
      </Unit18>
      <Unit19>
        <Filename Value="InterfaceGUI\Cadastro\ifcad_produto.pas"/>
        <IsPartOfProject Value="True"/>
        <ComponentName Value="FCad_Produto"/>
        <HasResources Value="True"/>
        <ResourceBaseClass Value="Form"/>
      </Unit19>
      <Unit20>
        <Filename Value="Rn\Cadastro\utcad_usuario.pas"/>
        <IsPartOfProject Value="True"/>
      </Unit20>
      <Unit21>
        <Filename Value="InterfaceGUI\Cadastro\ifpedido_tipo.pas"/>
        <IsPartOfProject Value="True"/>
        <ComponentName Value="FPedido_Tipo"/>
        <HasResources Value="True"/>
        <ResourceBaseClass Value="Form"/>
      </Unit21>
      <Unit22>
        <Filename Value="InterfaceGUI\Cadastro\ifmov_pedidovenda.pas"/>
        <IsPartOfProject Value="True"/>
        <ComponentName Value="FMov_PedidoVenda"/>
        <HasResources Value="True"/>
        <ResourceBaseClass Value="Form"/>
      </Unit22>
      <Unit23>
        <Filename Value="InterfaceGUI\Cadastro\ifmov_pedidocompra.pas"/>
        <IsPartOfProject Value="True"/>
        <ComponentName Value="FMov_PedidoCompra"/>
        <HasResources Value="True"/>
        <ResourceBaseClass Value="Form"/>
      </Unit23>
      <Unit24>
        <Filename Value="Rn\Cadastro\utcns_usuario.pas"/>
        <IsPartOfProject Value="True"/>
        <UnitName Value="uTCns_Usuario"/>
      </Unit24>
      <Unit25>
        <Filename Value="Rn\Relatorios\Cadastros\mDMRel_Cadastros.pas"/>
        <IsPartOfProject Value="True"/>
        <ComponentName Value="DataModule1"/>
        <ResourceBaseClass Value="DataModule"/>
      </Unit25>
      <Unit26>
        <Filename Value="Rn\Pedido\Venda\uTMov_Pedido.pas"/>
        <IsPartOfProject Value="True"/>
      </Unit26>
      <Unit27>
        <Filename Value="Rn\Pedido\Venda\uTMov_PedidoItem.pas"/>
        <IsPartOfProject Value="True"/>
      </Unit27>
      <Unit28>
        <Filename Value="Rn\Movimentacao\uTCad_TipoPedido.pas"/>
        <IsPartOfProject Value="True"/>
      </Unit28>
      <Unit29>
        <Filename Value="Rn\Cadastro\utcad_marca.pas"/>
        <IsPartOfProject Value="True"/>
      </Unit29>
      <Unit30>
        <Filename Value="Rn\Cadastro\utcns_marca.pas"/>
        <IsPartOfProject Value="True"/>
      </Unit30>
      <Unit31>
        <Filename Value="Rn\Cadastro\utcad_tamanho.pas"/>
        <IsPartOfProject Value="True"/>
      </Unit31>
      <Unit32>
        <Filename Value="Rn\Cadastro\utcns_tamanho.pas"/>
        <IsPartOfProject Value="True"/>
        <UnitName Value="utCNS_tamanho"/>
      </Unit32>
      <Unit33>
        <Filename Value="InterfaceGUI\Outros\ifOtr_Pesquisar.pas"/>
        <IsPartOfProject Value="True"/>
        <ComponentName Value="TOtr_Consultar"/>
        <HasResources Value="True"/>
        <ResourceBaseClass Value="Form"/>
      </Unit33>
      <Unit34>
        <Filename Value="InterfaceGUI\Outros\uTCns_Pesquisar.pas"/>
        <IsPartOfProject Value="True"/>
      </Unit34>
      <Unit35>
        <Filename Value="Rn\Cadastro\uTCad_Produto.pas"/>
        <IsPartOfProject Value="True"/>
      </Unit35>
      <Unit36>
        <Filename Value="Rn\MVC\uT_BaseMVC.pas"/>
        <IsPartOfProject Value="True"/>
      </Unit36>
      <Unit37>
        <Filename Value="Rn\Utils\Security\uTOtr_SystemLog.pas"/>
        <IsPartOfProject Value="True"/>
      </Unit37>
      <Unit38>
        <Filename Value="Rn\Utils\Security\uTOtr_AmbienteView.pas"/>
        <IsPartOfProject Value="True"/>
      </Unit38>
      <Unit39>
        <Filename Value="Rn\Utils\Security\uTSys_GetGlobalsVars.pas"/>
        <IsPartOfProject Value="True"/>
      </Unit39>
      <Unit40>
        <Filename Value="Rn\Utils\utCfg_loadFromIni.pas"/>
        <IsPartOfProject Value="True"/>
      </Unit40>
    </Units>
  </ProjectOptions>
  <CompilerOptions>
    <Version Value="11"/>
    <PathDelim Value="\"/>
    <Target>
      <Filename Value="LikaLokaServer"/>
    </Target>
    <SearchPaths>
      <IncludeFiles Value="$(ProjOutDir)"/>
      <OtherUnitFiles Value="Base;Rn\Cadastro;InterfaceGUI\Cadastro;Rn\Ambiente;Rn\Utils;Rn\Relatorios\Cadastros;Rn\Pedido\Venda;Rn\Movimentacao;InterfaceGUI\Outros;Rn\MVC;Rn\Utils\Security"/>
      <UnitOutputDirectory Value="lib\$(TargetCPU)-$(TargetOS)"/>
    </SearchPaths>
    <CodeGeneration>
      <SmartLinkUnit Value="True"/>
    </CodeGeneration>
    <Linking>
      <LinkSmart Value="True"/>
      <Options>
        <Win32>
          <GraphicApplication Value="True"/>
        </Win32>
      </Options>
    </Linking>
  </CompilerOptions>
  <Debugging>
    <Exceptions Count="4">
      <Item1>
        <Name Value="EAbort"/>
      </Item1>
      <Item2>
        <Name Value="ECodetoolError"/>
      </Item2>
      <Item3>
        <Name Value="EFOpenError"/>
      </Item3>
      <Item4>
        <Name Value="EUpdateError"/>
      </Item4>
    </Exceptions>
  </Debugging>
</CONFIG>
